
Microsoft Visual Studio Solution File, Format Version 12.00
# Visual Studio Version 17
VisualStudioVersion = 17.7.34018.315
MinimumVisualStudioVersion = 10.0.40219.1
Project("{FAE04EC0-301F-11D3-BF4B-00C04F79EFBC}") = "MailNew", "MailNew\MailNew.csproj", "{C45CF938-075D-4C62-9DC5-5674AC00C9CC}"
EndProject
Global
	GlobalSection(SolutionConfigurationPlatforms) = preSolution
		Debug|Any CPU = Debug|Any CPU
		Release|Any CPU = Release|Any CPU
	EndGlobalSection
	GlobalSection(ProjectConfigurationPlatforms) = postSolution
		{C45CF938-075D-4C62-9DC5-5674AC00C9CC}.Debug|Any CPU.ActiveCfg = Debug|Any CPU
		{C45CF938-075D-4C62-9DC5-5674AC00C9CC}.Debug|Any CPU.Build.0 = Debug|Any CPU
		{C45CF938-075D-4C62-9DC5-5674AC00C9CC}.Release|Any CPU.ActiveCfg = Release|Any CPU
		{C45CF938-075D-4C62-9DC5-5674AC00C9CC}.Release|Any CPU.Build.0 = Release|Any CPU
	EndGlobalSection
	GlobalSection(SolutionProperties) = preSolution
		HideSolutionNode = FALSE
	EndGlobalSection
	GlobalSection(ExtensibilityGlobals) = postSolution
		SolutionGuid = {AB2D9334-0E5A-4D0C-BAAE-7D3548D05365}
	EndGlobalSection
EndGlobal
